# THIS IS AN AUTOGENERATED FILE. DO NOT EDIT THIS FILE DIRECTLY.
# yarn lockfile v1


"accepts@^1.3.5":
  "integrity" "sha512-pt4oTticGUEOZCvli0I7ekmpXopaX+Xvb/TQRaTKnvZNIH9Srs0VWi2NGBfsRscAgwtIEtxW5JOB9sI0oN3cjw=="
  "resolved" "https://registry.npmjs.org/accepts/-/accepts-1.3.5.tgz"
  "version" "1.3.5"
  dependencies:
    "mime-types" "~2.1.18"
    "negotiator" "0.6.1"

"any-promise@^1.1.0":
  "integrity" "sha512-7UvmKalWRt1wgjL1RrGxoSJW/0QZFIegpeGvZG9kjp8vrRu55XTHbwnqq2GpXm9uLbcuhxm3IqX9OB4MZR1b2A=="
  "resolved" "https://registry.npmjs.org/any-promise/-/any-promise-1.3.0.tgz"
  "version" "1.3.0"

"bignumber.js@4.1.0":
  "integrity" "sha512-eJzYkFYy9L4JzXsbymsFn3p54D+llV27oTQ+ziJG7WFRheJcNZilgVXMG0LoZtlQSKBsJdWtLFqOD0u+U0jZKA=="
  "resolved" "https://registry.npmjs.org/bignumber.js/-/bignumber.js-4.1.0.tgz"
  "version" "4.1.0"

"cache-content-type@^1.0.0":
  "integrity" "sha512-IKufZ1o4Ut42YUrZSo8+qnMTrFuKkvyoLXUywKz9GJ5BrhOFGhLdkx9sG4KAnVvbY6kEcSFjLQul+DVmBm2bgA=="
  "resolved" "https://registry.npmjs.org/cache-content-type/-/cache-content-type-1.0.1.tgz"
  "version" "1.0.1"
  dependencies:
    "mime-types" "^2.1.18"
    "ylru" "^1.2.0"

"co@^4.6.0":
  "integrity" "sha512-QVb0dM5HvG+uaxitm8wONl7jltx8dqhfU33DcqtOZcLSVIKSDDLDi7+0LbAKiyI8hD9u42m2YxXSkMGWThaecQ=="
  "resolved" "https://registry.npmjs.org/co/-/co-4.6.0.tgz"
  "version" "4.6.0"

"content-disposition@~0.5.2":
  "integrity" "sha512-kRGRZw3bLlFISDBgwTSA1TMBFN6J6GWDeubmDE3AF+3+yXL8hTWv8r5rkLbqYXY4RjPk/EzHnClI3zQf1cFmHA=="
  "resolved" "https://registry.npmjs.org/content-disposition/-/content-disposition-0.5.2.tgz"
  "version" "0.5.2"

"content-type@^1.0.4":
  "integrity" "sha512-hIP3EEPs8tB9AT1L+NUqtwOAps4mk2Zob89MWXMHjHWg9milF/j4osnnQLXBCBFBk/tvIG/tUc9mOUJiPBhPXA=="
  "resolved" "https://registry.npmjs.org/content-type/-/content-type-1.0.4.tgz"
  "version" "1.0.4"

"cookies@~0.7.1":
  "integrity" "sha512-+gixgxYSgQLTaTIilDHAdlNPZDENDQernEMiIcZpYYP14zgHsCt4Ce1FEjFtcp6GefhozebB6orvhAAWx/IS0A=="
  "resolved" "https://registry.npmjs.org/cookies/-/cookies-0.7.3.tgz"
  "version" "0.7.3"
  dependencies:
    "depd" "~1.1.2"
    "keygrip" "~1.0.3"

"core-util-is@~1.0.0":
  "integrity" "sha512-3lqz5YjWTYnW6dlDa5TLaTCcShfar1e40rmcJVwCBJC6mWlFuj0eCHIElmG1g5kyuJ/GD+8Wn4FFCcz4gJPfaQ=="
  "resolved" "https://registry.npmjs.org/core-util-is/-/core-util-is-1.0.2.tgz"
  "version" "1.0.2"

"debug@~3.1.0":
  "integrity" "sha512-OX8XqP7/1a9cqkxYw2yXss15f26NKWBpDXQd0/uK/KPqdQhxbPa994hnzjcE2VqQpDslf55723cKPUOGSmMY3g=="
  "resolved" "https://registry.npmjs.org/debug/-/debug-3.1.0.tgz"
  "version" "3.1.0"
  dependencies:
    "ms" "2.0.0"

"deep-equal@~1.0.1":
  "integrity" "sha512-bHtC0iYvWhyaTzvV3CZgPeZQqCOBGyGsVV7v4eevpdkLHfiSrXUdBG+qAuSz4RI70sszvjQ1QSZ98An1yNwpSw=="
  "resolved" "https://registry.npmjs.org/deep-equal/-/deep-equal-1.0.1.tgz"
  "version" "1.0.1"

"delegates@^1.0.0":
  "integrity" "sha512-bd2L678uiWATM6m5Z1VzNCErI3jiGzt6HGY8OVICs40JQq/HALfbyNJmp0UDakEY4pMMaN0Ly5om/B1VI/+xfQ=="
  "resolved" "https://registry.npmjs.org/delegates/-/delegates-1.0.0.tgz"
  "version" "1.0.0"

"denque@^2.1.0":
  "integrity" "sha512-HVQE3AAb/pxF8fQAoiqpvg9i3evqug3hoiwakOyZAwJm+6vZehbkYXZ0l4JxS+I3QxM97v5aaRNhj8v5oBhekw=="
  "resolved" "https://registry.npmjs.org/denque/-/denque-2.1.0.tgz"
  "version" "2.1.0"

"depd@^1.1.2", "depd@~1.1.2":
  "integrity" "sha512-7emPTl6Dpo6JRXOXjLRxck+FlLRX5847cLKEn00PLAgc3g2hTZZgr+e4c2v6QpSmLeFP3n5yUo7ft6avBK/5jQ=="
  "resolved" "https://registry.npmjs.org/depd/-/depd-1.1.2.tgz"
  "version" "1.1.2"

"destroy@^1.0.4":
  "integrity" "sha512-3NdhDuEXnfun/z7x9GOElY49LoqVHoGScmOKwmxhsS8N5Y+Z8KyPPDnaSzqWgYt/ji4mqwfTS34Htrk0zPIXVg=="
  "resolved" "https://registry.npmjs.org/destroy/-/destroy-1.0.4.tgz"
  "version" "1.0.4"

"ee-first@1.1.1":
  "integrity" "sha512-WMwm9LhRUo+WUaRN+vRuETqG89IgZphVSNkdFgeb6sS/E4OrDIN7t48CAewSHXc6C8lefD8KKfr5vY61brQlow=="
  "resolved" "https://registry.npmjs.org/ee-first/-/ee-first-1.1.1.tgz"
  "version" "1.1.1"

"error-inject@^1.0.0":
  "integrity" "sha512-JM8N6PytDbmIYm1IhPWlo8vr3NtfjhDY/1MhD/a5b/aad/USE8a0+NsqE9d5n+GVGmuNkPQWm4bFQWv18d8tMg=="
  "resolved" "https://registry.npmjs.org/error-inject/-/error-inject-1.0.0.tgz"
  "version" "1.0.0"

"escape-html@^1.0.3":
  "integrity" "sha512-NiSupZ4OeuGwr68lGIeym/ksIZMJodUGOSCZ/FSnTxcrekbvqrgdUxlJOMpijaKZVjAJrWrGs/6Jy8OMuyj9ow=="
  "resolved" "https://registry.npmjs.org/escape-html/-/escape-html-1.0.3.tgz"
  "version" "1.0.3"

"fresh@~0.5.2":
  "integrity" "sha512-zJ2mQYM18rEFOudeV4GShTGIQ7RbzA7ozbU9I/XBpm7kqgMywgmylMwXHxZJmkVoYkna9d2pVXVXPdYTP9ej8Q=="
  "resolved" "https://registry.npmjs.org/fresh/-/fresh-0.5.2.tgz"
  "version" "0.5.2"

"generate-function@^2.3.1":
  "integrity" "sha512-eeB5GfMNeevm/GRYq20ShmsaGcmI81kIX2K9XQx5miC8KdHaC6Jm0qQ8ZNeGOi7wYB8OsdxKs+Y2oVuTFuVwKQ=="
  "resolved" "https://registry.npmjs.org/generate-function/-/generate-function-2.3.1.tgz"
  "version" "2.3.1"
  dependencies:
    "is-property" "^1.0.2"

"http-assert@^1.3.0":
  "integrity" "sha512-tPVv62a6l3BbQoM/N5qo969l0OFxqpnQzNUPeYfTP6Spo4zkgWeDBD1D5thI7sDLg7jCCihXTLB0X8UtdyAy8A=="
  "resolved" "https://registry.npmjs.org/http-assert/-/http-assert-1.4.0.tgz"
  "version" "1.4.0"
  dependencies:
    "deep-equal" "~1.0.1"
    "http-errors" "~1.7.1"

"http-errors@^1.6.3", "http-errors@~1.7.1":
  "integrity" "sha512-jWEUgtZWGSMba9I1N3gc1HmvpBUaNC9vDdA46yScAdp+C5rdEuKWUBLWTQpW9FwSWSbYYs++b6SDCxf9UEJzfw=="
  "resolved" "https://registry.npmjs.org/http-errors/-/http-errors-1.7.1.tgz"
  "version" "1.7.1"
  dependencies:
    "depd" "~1.1.2"
    "inherits" "2.0.3"
    "setprototypeof" "1.1.0"
    "statuses" ">= 1.5.0 < 2"
    "toidentifier" "1.0.0"

"iconv-lite@^0.6.3":
  "integrity" "sha512-4fCk79wshMdzMp2rH06qWrJE4iolqLhCUH+OiuIgU++RB0+94NlDL81atO7GX55uUKueo0txHNtvEyI6D7WdMw=="
  "resolved" "https://registry.npmjs.org/iconv-lite/-/iconv-lite-0.6.3.tgz"
  "version" "0.6.3"
  dependencies:
    "safer-buffer" ">= 2.1.2 < 3.0.0"

"inherits@~2.0.3", "inherits@2.0.3":
  "integrity" "sha512-x00IRNXNy63jwGkJmzPigoySHbaqpNuzKbBOmzK+g2OdZpQ9w+sxCN+VSB3ja7IAge2OP2qpfxTjeNcyjmW1uw=="
  "resolved" "https://registry.npmjs.org/inherits/-/inherits-2.0.3.tgz"
  "version" "2.0.3"

"is-generator-function@^1.0.7":
  "integrity" "sha512-YZc5EwyO4f2kWCax7oegfuSr9mFz1ZvieNYBEjmukLxgXfBUbxAWGVF7GZf0zidYtoBl3WvC07YK0wT76a+Rtw=="
  "resolved" "https://registry.npmjs.org/is-generator-function/-/is-generator-function-1.0.7.tgz"
  "version" "1.0.7"

"is-property@^1.0.2":
  "integrity" "sha512-Ks/IoX00TtClbGQr4TWXemAnktAQvYB7HzcCxDGqEZU6oCmb2INHuOoKxbtR+HFkmYWBKv/dOZtGRiAjDhj92g=="
  "resolved" "https://registry.npmjs.org/is-property/-/is-property-1.0.2.tgz"
  "version" "1.0.2"

"isarray@~1.0.0":
  "integrity" "sha512-VLghIWNM6ELQzo7zwmcg0NmTVyWKYjvIeM83yjp0wRDTmUnrM678fQbcKBo6n2CJEF0szoG//ytg+TKla89ALQ=="
  "resolved" "https://registry.npmjs.org/isarray/-/isarray-1.0.0.tgz"
  "version" "1.0.0"

"keygrip@~1.0.3":
  "integrity" "sha512-/PpesirAIfaklxUzp4Yb7xBper9MwP6hNRA6BGGUFCgbJ+BM5CKBtsoxinNXkLHAr+GXS1/lSlF2rP7cv5Fl+g=="
  "resolved" "https://registry.npmjs.org/keygrip/-/keygrip-1.0.3.tgz"
  "version" "1.0.3"

"koa-compose@^3.0.0":
  "integrity" "sha512-8gen2cvKHIZ35eDEik5WOo8zbVp9t4cP8p4hW4uE55waxolLRexKKrqfCpwhGVppnB40jWeF8bZeTVg99eZgPw=="
  "resolved" "https://registry.npmjs.org/koa-compose/-/koa-compose-3.2.1.tgz"
  "version" "3.2.1"
  dependencies:
    "any-promise" "^1.1.0"

"koa-compose@^4.1.0":
  "integrity" "sha512-8ODW8TrDuMYvXRwra/Kh7/rJo9BtOfPc6qO8eAfC80CnCvSjSl0bkRM24X6/XBBEyj0v1nRUQ1LyOy3dbqOWXw=="
  "resolved" "https://registry.npmjs.org/koa-compose/-/koa-compose-4.1.0.tgz"
  "version" "4.1.0"

"koa-convert@^1.2.0":
  "integrity" "sha512-K9XqjmEDStGX09v3oxR7t5uPRy0jqJdvodHa6wxWTHrTfDq0WUNnYTOOUZN6g8OM8oZQXprQASbiIXG2Ez8ehA=="
  "resolved" "https://registry.npmjs.org/koa-convert/-/koa-convert-1.2.0.tgz"
  "version" "1.2.0"
  dependencies:
    "co" "^4.6.0"
    "koa-compose" "^3.0.0"

"koa-is-json@^1.0.0":
  "integrity" "sha512-+97CtHAlWDx0ndt0J8y3P12EWLwTLMXIfMnYDev3wOTwH/RpBGMlfn4bDXlMEg1u73K6XRE9BbUp+5ZAYoRYWw=="
  "resolved" "https://registry.npmjs.org/koa-is-json/-/koa-is-json-1.0.0.tgz"
  "version" "1.0.0"

"koa@^2.6.2":
  "integrity" "sha512-KdnBFhTgh9ysMMoYe4J4fLvaKjT7mF3nRYV8MjxLzx6qywFNeptqi4xevyUltg1fZl2CFJ+HeLXuCGx07Yvl/A=="
  "resolved" "https://registry.npmjs.org/koa/-/koa-2.6.2.tgz"
  "version" "2.6.2"
  dependencies:
    "accepts" "^1.3.5"
    "cache-content-type" "^1.0.0"
    "content-disposition" "~0.5.2"
    "content-type" "^1.0.4"
    "cookies" "~0.7.1"
    "debug" "~3.1.0"
    "delegates" "^1.0.0"
    "depd" "^1.1.2"
    "destroy" "^1.0.4"
    "error-inject" "^1.0.0"
    "escape-html" "^1.0.3"
    "fresh" "~0.5.2"
    "http-assert" "^1.3.0"
    "http-errors" "^1.6.3"
    "is-generator-function" "^1.0.7"
    "koa-compose" "^4.1.0"
    "koa-convert" "^1.2.0"
    "koa-is-json" "^1.0.0"
    "on-finished" "^2.3.0"
    "only" "~0.0.2"
    "parseurl" "^1.3.2"
    "statuses" "^1.5.0"
    "type-is" "^1.6.16"
    "vary" "^1.1.2"

"long@^5.2.1":
  "integrity" "sha512-lcHwpNoggQTObv5apGNCTdJrO69eHOZMi4BNC+rTLER8iHAqGrUVeLh/irVIM7zTw2bOXA8T6uNPeujwOLg/2Q=="
  "resolved" "https://registry.npmjs.org/long/-/long-5.2.3.tgz"
  "version" "5.2.3"

"lru-cache@^7.14.1":
  "integrity" "sha512-jumlc0BIUrS3qJGgIkWZsyfAM7NCWiBcCDhnd+3NNM5KbBmLTgHVfWBcg6W+rLUsIpzpERPsvwUP7CckAQSOoA=="
  "resolved" "https://registry.npmjs.org/lru-cache/-/lru-cache-7.18.3.tgz"
  "version" "7.18.3"

"lru-cache@^8.0.0":
  "integrity" "sha512-MhWWlVnuab1RG5/zMRRcVGXZLCXrZTgfwMikgzCegsPnG62yDQo5JnqKkrK4jO5iKqDAZGItAqN5CtKBCBWRUA=="
  "resolved" "https://registry.npmjs.org/lru-cache/-/lru-cache-8.0.5.tgz"
  "version" "8.0.5"

"media-typer@0.3.0":
  "integrity" "sha512-dq+qelQ9akHpcOl/gUVRTxVIOkAJ1wR3QAvb4RsVjS8oVoFjDGTc679wJYmUmknUF5HwMLOgb5O+a3KxfWapPQ=="
  "resolved" "https://registry.npmjs.org/media-typer/-/media-typer-0.3.0.tgz"
  "version" "0.3.0"

"mime-db@~1.37.0":
  "integrity" "sha512-R3C4db6bgQhlIhPU48fUtdVmKnflq+hRdad7IyKhtFj06VPNVdk2RhiYL3UjQIlso8L+YxAtFkobT0VK+S/ybg=="
  "resolved" "https://registry.npmjs.org/mime-db/-/mime-db-1.37.0.tgz"
  "version" "1.37.0"

"mime-types@^2.1.18", "mime-types@~2.1.18":
  "integrity" "sha512-3iL6DbwpyLzjR3xHSFNFeb9Nz/M8WDkX33t1GFQnFOllWk8pOrh/LSrB5OXlnlW5P9LH73X6loW/eogc+F5lJg=="
  "resolved" "https://registry.npmjs.org/mime-types/-/mime-types-2.1.21.tgz"
  "version" "2.1.21"
  dependencies:
    "mime-db" "~1.37.0"

"ms@2.0.0":
  "integrity" "sha512-Tpp60P6IUJDTuOq/5Z8cdskzJujfwqfOTkrwIwj7IRISpnkJnT6SyJ4PCPnGMoFjC9ddhal5KVIYtAt97ix05A=="
  "resolved" "https://registry.npmjs.org/ms/-/ms-2.0.0.tgz"
  "version" "2.0.0"

"mysql@^2.16.0":
  "integrity" "sha512-dPbN2LHonQp7D5ja5DJXNbCLe/HRdu+f3v61aguzNRQIrmZLOeRoymBYyeThrR6ug+FqzDL95Gc9maqZUJS+Gw=="
  "resolved" "https://registry.npmjs.org/mysql/-/mysql-2.16.0.tgz"
  "version" "2.16.0"
  dependencies:
    "bignumber.js" "4.1.0"
    "readable-stream" "2.3.6"
    "safe-buffer" "5.1.2"
    "sqlstring" "2.3.1"

"mysql2@^3.2.3":
  "integrity" "sha512-aethLO9cSAGba9gOXzNayuyq2GAVTKc3vwr+uETOX1yjUuH6MS6D5ewhUqkaukmtjzrb5C9ML7YmmmRBjQ3r3Q=="
  "resolved" "https://registry.npmjs.org/mysql2/-/mysql2-3.2.3.tgz"
  "version" "3.2.3"
  dependencies:
    "denque" "^2.1.0"
    "generate-function" "^2.3.1"
    "iconv-lite" "^0.6.3"
    "long" "^5.2.1"
    "lru-cache" "^8.0.0"
    "named-placeholders" "^1.1.3"
    "seq-queue" "^0.0.5"
    "sqlstring" "^2.3.2"

"named-placeholders@^1.1.3":
  "integrity" "sha512-eLoBxg6wE/rZkJPhU/xRX1WTpkFEwDJEN96oxFrTsqBdbT5ec295Q+CoHrL9IT0DipqKhmGcaZmwOt8OON5x1w=="
  "resolved" "https://registry.npmjs.org/named-placeholders/-/named-placeholders-1.1.3.tgz"
  "version" "1.1.3"
  dependencies:
    "lru-cache" "^7.14.1"

"negotiator@0.6.1":
  "integrity" "sha512-qTxkr1RoLw5Pz+1+PTJ/66hWuyi2LEOeOuIDJDlx6JF8x75bmD5C7qXTg2UlX5W9rLfkqKP+r8q6Vy6NWdWrbw=="
  "resolved" "https://registry.npmjs.org/negotiator/-/negotiator-0.6.1.tgz"
  "version" "0.6.1"

"on-finished@^2.3.0":
  "integrity" "sha512-ikqdkGAAyf/X/gPhXGvfgAytDZtDbr+bkNUJ0N9h5MI/dmdgCs3l6hoHrcUv41sRKew3jIwrp4qQDXiK99Utww=="
  "resolved" "https://registry.npmjs.org/on-finished/-/on-finished-2.3.0.tgz"
  "version" "2.3.0"
  dependencies:
    "ee-first" "1.1.1"

"only@~0.0.2":
  "integrity" "sha512-Fvw+Jemq5fjjyWz6CpKx6w9s7xxqo3+JCyM0WXWeCSOboZ8ABkyvP8ID4CZuChA/wxSx+XSJmdOm8rGVyJ1hdQ=="
  "resolved" "https://registry.npmjs.org/only/-/only-0.0.2.tgz"
  "version" "0.0.2"

"parseurl@^1.3.2":
  "integrity" "sha512-DjIMrEiCuzD/Xsr69WhcPCTeb6iZP5JgL/DZ3cYz0zMnyiXiscoqC6LLV2dYwQHfy9O+twCDVVPiFWb7xZhaOw=="
  "resolved" "https://registry.npmjs.org/parseurl/-/parseurl-1.3.2.tgz"
  "version" "1.3.2"

"process-nextick-args@~2.0.0":
  "integrity" "sha512-MtEC1TqN0EU5nephaJ4rAtThHtC86dNN9qCuEhtshvpVBkAW5ZO7BASN9REnF9eoXGcRub+pFuKEpOHE+HbEMw=="
  "resolved" "https://registry.npmjs.org/process-nextick-args/-/process-nextick-args-2.0.0.tgz"
  "version" "2.0.0"

"readable-stream@2.3.6":
  "integrity" "sha512-tQtKA9WIAhBF3+VLAseyMqZeBjW0AHJoxOtYqSUZNJxauErmLbVm2FW1y+J/YA9dUrAC39ITejlZWhVIwawkKw=="
  "resolved" "https://registry.npmjs.org/readable-stream/-/readable-stream-2.3.6.tgz"
  "version" "2.3.6"
  dependencies:
    "core-util-is" "~1.0.0"
    "inherits" "~2.0.3"
    "isarray" "~1.0.0"
    "process-nextick-args" "~2.0.0"
    "safe-buffer" "~5.1.1"
    "string_decoder" "~1.1.1"
    "util-deprecate" "~1.0.1"

"safe-buffer@~5.1.0", "safe-buffer@~5.1.1", "safe-buffer@5.1.2":
  "integrity" "sha512-Gd2UZBJDkXlY7GbJxfsE8/nvKkUEU1G38c1siN6QP6a9PT9MmHB8GnpscSmMJSoF8LOIrt8ud/wPtojys4G6+g=="
  "resolved" "https://registry.npmjs.org/safe-buffer/-/safe-buffer-5.1.2.tgz"
  "version" "5.1.2"

"safer-buffer@>= 2.1.2 < 3.0.0":
  "integrity" "sha512-YZo3K82SD7Riyi0E1EQPojLz7kpepnSQI9IyPbHHg1XXXevb5dJI7tpyN2ADxGcQbHG7vcyRHk0cbwqcQriUtg=="
  "resolved" "https://registry.npmjs.org/safer-buffer/-/safer-buffer-2.1.2.tgz"
  "version" "2.1.2"

"seq-queue@^0.0.5":
  "integrity" "sha512-hr3Wtp/GZIc/6DAGPDcV4/9WoZhjrkXsi5B/07QgX8tsdc6ilr7BFM6PM6rbdAX1kFSDYeZGLipIZZKyQP0O5Q=="
  "resolved" "https://registry.npmjs.org/seq-queue/-/seq-queue-0.0.5.tgz"
  "version" "0.0.5"

"setprototypeof@1.1.0":
  "integrity" "sha512-BvE/TwpZX4FXExxOxZyRGQQv651MSwmWKZGqvmPcRIjDqWub67kTKuIMx43cZZrS/cBBzwBcNDWoFxt2XEFIpQ=="
  "resolved" "https://registry.npmjs.org/setprototypeof/-/setprototypeof-1.1.0.tgz"
  "version" "1.1.0"

"sqlstring@^2.3.2":
  "integrity" "sha512-qC9iz2FlN7DQl3+wjwn3802RTyjCx7sDvfQEXchwa6CWOx07/WVfh91gBmQ9fahw8snwGEWU3xGzOt4tFyHLxg=="
  "resolved" "https://registry.npmjs.org/sqlstring/-/sqlstring-2.3.3.tgz"
  "version" "2.3.3"

"sqlstring@2.3.1":
  "integrity" "sha512-ooAzh/7dxIG5+uDik1z/Rd1vli0+38izZhGzSa34FwR7IbelPWCCKSNIl8jlL/F7ERvy8CB2jNeM1E9i9mXMAQ=="
  "resolved" "https://registry.npmjs.org/sqlstring/-/sqlstring-2.3.1.tgz"
  "version" "2.3.1"

"statuses@^1.5.0", "statuses@>= 1.5.0 < 2":
  "integrity" "sha512-OpZ3zP+jT1PI7I8nemJX4AKmAX070ZkYPVWV/AaKTJl+tXCTGyVdC1a4SL8RUQYEwk/f34ZX8UTykN68FwrqAA=="
  "resolved" "https://registry.npmjs.org/statuses/-/statuses-1.5.0.tgz"
  "version" "1.5.0"

"string_decoder@~1.1.1":
  "integrity" "sha512-n/ShnvDi6FHbbVfviro+WojiFzv+s8MPMHBczVePfUpDJLwoLT0ht1l4YwBCbi8pJAveEEdnkHyPyTP/mzRfwg=="
  "resolved" "https://registry.npmjs.org/string_decoder/-/string_decoder-1.1.1.tgz"
  "version" "1.1.1"
  dependencies:
    "safe-buffer" "~5.1.0"

"toidentifier@1.0.0":
  "integrity" "sha512-yaOH/Pk/VEhBWWTlhI+qXxDFXlejDGcQipMlyxda9nthulaxLZUNcUqFxokp0vcYnvteJln5FNQDRrxj3YcbVw=="
  "resolved" "https://registry.npmjs.org/toidentifier/-/toidentifier-1.0.0.tgz"
  "version" "1.0.0"

"type-is@^1.6.16":
  "integrity" "sha512-HRkVv/5qY2G6I8iab9cI7v1bOIdhm94dVjQCPFElW9W+3GeDOSHmy2EBYe4VTApuzolPcmgFTN3ftVJRKR2J9Q=="
  "resolved" "https://registry.npmjs.org/type-is/-/type-is-1.6.16.tgz"
  "version" "1.6.16"
  dependencies:
    "media-typer" "0.3.0"
    "mime-types" "~2.1.18"

"util-deprecate@~1.0.1":
  "integrity" "sha512-EPD5q1uXyFxJpCrLnCc1nHnq3gOa6DZBocAIiI2TaSCA7VCJ1UJDMagCzIkXNsUYfD1daK//LTEQ8xiIbrHtcw=="
  "resolved" "https://registry.npmjs.org/util-deprecate/-/util-deprecate-1.0.2.tgz"
  "version" "1.0.2"

"vary@^1.1.2":
  "integrity" "sha512-BNGbWLfd0eUPabhkXUVm0j8uuvREyTh5ovRa/dyow/BqAbZJyC+5fU+IzQOzmAKzYqYRAISoRhdQr3eIZ/PXqg=="
  "resolved" "https://registry.npmjs.org/vary/-/vary-1.1.2.tgz"
  "version" "1.1.2"

"ylru@^1.2.0":
  "integrity" "sha512-faQrqNMzcPCHGVC2aaOINk13K+aaBDUPjGWl0teOXywElLjyVAB6Oe2jj62jHYtwsU49jXhScYbvPENK+6zAvQ=="
  "resolved" "https://registry.npmjs.org/ylru/-/ylru-1.2.1.tgz"
  "version" "1.2.1"
